
Microsoft Visual Studio Solution File, Format Version 12.00
# Visual Studio 15
VisualStudioVersion = 15.0.28307.852
MinimumVisualStudioVersion = 10.0.40219.1
Project("{FAE04EC0-301F-11D3-BF4B-00C04F79EFBC}") = "WP.Device.Demo", "WP.Device.Demo\WP.Device.Demo.csproj", "{C8A3069D-C1BB-49F8-A3F5-41F13895C3A4}"
EndProject
Project("{FAE04EC0-301F-11D3-BF4B-00C04F79EFBC}") = "Wp.Device.Console", "Wp.Device.Console\Wp.Device.Console.csproj", "{A840945C-78EB-441D-AC41-17642BD54CEC}"
EndProject
Project("{FAE04EC0-301F-11D3-BF4B-00C04F79EFBC}") = "Wp.Device.WPF.Demo", "src\Wp.Device.WPF.Demo\Wp.Device.WPF.Demo.csproj", "{1ABA4A5D-A9C7-4384-A1C2-25FA4C1975DC}"
EndProject
Project("{FAE04EC0-301F-11D3-BF4B-00C04F79EFBC}") = "Wp.Device.WPF.AppDemo", "src\Wp.Device.WPF.AppDemo\Wp.Device.WPF.AppDemo.csproj", "{76B6661A-D8B4-4448-AE00-F93A3D215E29}"
EndProject
Project("{FAE04EC0-301F-11D3-BF4B-00C04F79EFBC}") = "WP.Device.Framework", "src\WP.Device.Framework\WP.Device.Framework.csproj", "{7FB8DC85-8593-424E-9F2F-0099E8F2CFC1}"
EndProject
Project("{FAE04EC0-301F-11D3-BF4B-00C04F79EFBC}") = "ScreenCaptureControl", "src\ScreenCaptureControl\ScreenCaptureControl.csproj", "{8FA8062A-F685-4664-B068-34109B9389B1}"
EndProject
Project("{FAE04EC0-301F-11D3-BF4B-00C04F79EFBC}") = "Wp.Device.CoreWpfDemo", "src\Wp.Device.CoreWpfDemo\Wp.Device.CoreWpfDemo.csproj", "{2D519758-FD8C-4821-AD3C-679B63AF00B7}"
EndProject
Project("{FAE04EC0-301F-11D3-BF4B-00C04F79EFBC}") = "Wp.device.CoreWebService", "src\Wp.device.CoreWebService\Wp.device.CoreWebService.csproj", "{9A3A0F29-DF09-4721-A1E7-3DB257269EA5}"
EndProject
Global
	GlobalSection(SolutionConfigurationPlatforms) = preSolution
		Debug|Any CPU = Debug|Any CPU
		Release|Any CPU = Release|Any CPU
	EndGlobalSection
	GlobalSection(ProjectConfigurationPlatforms) = postSolution
		{C8A3069D-C1BB-49F8-A3F5-41F13895C3A4}.Debug|Any CPU.ActiveCfg = Debug|Any CPU
		{C8A3069D-C1BB-49F8-A3F5-41F13895C3A4}.Debug|Any CPU.Build.0 = Debug|Any CPU
		{C8A3069D-C1BB-49F8-A3F5-41F13895C3A4}.Release|Any CPU.ActiveCfg = Release|Any CPU
		{C8A3069D-C1BB-49F8-A3F5-41F13895C3A4}.Release|Any CPU.Build.0 = Release|Any CPU
		{A840945C-78EB-441D-AC41-17642BD54CEC}.Debug|Any CPU.ActiveCfg = Debug|Any CPU
		{A840945C-78EB-441D-AC41-17642BD54CEC}.Debug|Any CPU.Build.0 = Debug|Any CPU
		{A840945C-78EB-441D-AC41-17642BD54CEC}.Release|Any CPU.ActiveCfg = Release|Any CPU
		{A840945C-78EB-441D-AC41-17642BD54CEC}.Release|Any CPU.Build.0 = Release|Any CPU
		{1ABA4A5D-A9C7-4384-A1C2-25FA4C1975DC}.Debug|Any CPU.ActiveCfg = Debug|Any CPU
		{1ABA4A5D-A9C7-4384-A1C2-25FA4C1975DC}.Debug|Any CPU.Build.0 = Debug|Any CPU
		{1ABA4A5D-A9C7-4384-A1C2-25FA4C1975DC}.Release|Any CPU.ActiveCfg = Release|Any CPU
		{1ABA4A5D-A9C7-4384-A1C2-25FA4C1975DC}.Release|Any CPU.Build.0 = Release|Any CPU
		{76B6661A-D8B4-4448-AE00-F93A3D215E29}.Debug|Any CPU.ActiveCfg = Debug|Any CPU
		{76B6661A-D8B4-4448-AE00-F93A3D215E29}.Debug|Any CPU.Build.0 = Debug|Any CPU
		{76B6661A-D8B4-4448-AE00-F93A3D215E29}.Release|Any CPU.ActiveCfg = Release|Any CPU
		{76B6661A-D8B4-4448-AE00-F93A3D215E29}.Release|Any CPU.Build.0 = Release|Any CPU
		{7FB8DC85-8593-424E-9F2F-0099E8F2CFC1}.Debug|Any CPU.ActiveCfg = Debug|Any CPU
		{7FB8DC85-8593-424E-9F2F-0099E8F2CFC1}.Debug|Any CPU.Build.0 = Debug|Any CPU
		{7FB8DC85-8593-424E-9F2F-0099E8F2CFC1}.Release|Any CPU.ActiveCfg = Release|Any CPU
		{7FB8DC85-8593-424E-9F2F-0099E8F2CFC1}.Release|Any CPU.Build.0 = Release|Any CPU
		{8FA8062A-F685-4664-B068-34109B9389B1}.Debug|Any CPU.ActiveCfg = Debug|Any CPU
		{8FA8062A-F685-4664-B068-34109B9389B1}.Debug|Any CPU.Build.0 = Debug|Any CPU
		{8FA8062A-F685-4664-B068-34109B9389B1}.Release|Any CPU.ActiveCfg = Release|Any CPU
		{8FA8062A-F685-4664-B068-34109B9389B1}.Release|Any CPU.Build.0 = Release|Any CPU
		{2D519758-FD8C-4821-AD3C-679B63AF00B7}.Debug|Any CPU.ActiveCfg = Debug|Any CPU
		{2D519758-FD8C-4821-AD3C-679B63AF00B7}.Debug|Any CPU.Build.0 = Debug|Any CPU
		{2D519758-FD8C-4821-AD3C-679B63AF00B7}.Release|Any CPU.ActiveCfg = Release|Any CPU
		{2D519758-FD8C-4821-AD3C-679B63AF00B7}.Release|Any CPU.Build.0 = Release|Any CPU
		{9A3A0F29-DF09-4721-A1E7-3DB257269EA5}.Debug|Any CPU.ActiveCfg = Debug|Any CPU
		{9A3A0F29-DF09-4721-A1E7-3DB257269EA5}.Debug|Any CPU.Build.0 = Debug|Any CPU
		{9A3A0F29-DF09-4721-A1E7-3DB257269EA5}.Release|Any CPU.ActiveCfg = Release|Any CPU
		{9A3A0F29-DF09-4721-A1E7-3DB257269EA5}.Release|Any CPU.Build.0 = Release|Any CPU
	EndGlobalSection
	GlobalSection(SolutionProperties) = preSolution
		HideSolutionNode = FALSE
	EndGlobalSection
	GlobalSection(ExtensibilityGlobals) = postSolution
		SolutionGuid = {CB2EF4D7-F4C9-4C70-80BE-325A6887C6BD}
	EndGlobalSection
EndGlobal
